
Microsoft Visual Studio Solution File, Format Version 12.00
# Visual Studio Version 17
VisualStudioVersion = 17.0.31808.319
MinimumVisualStudioVersion = 10.0.40219.1
Project("{FAE04EC0-301F-11D3-BF4B-00C04F79EFBC}") = "BlazorAnyCallback", "BlazorAnyCallback\BlazorAnyCallback.csproj", "{92A62D02-8554-4241-B103-C2B891732CB2}"
EndProject
Global
	GlobalSection(SolutionConfigurationPlatforms) = preSolution
		Debug|Any CPU = Debug|Any CPU
		Release|Any CPU = Release|Any CPU
	EndGlobalSection
	GlobalSection(ProjectConfigurationPlatforms) = postSolution
		{92A62D02-8554-4241-B103-C2B891732CB2}.Debug|Any CPU.ActiveCfg = Debug|Any CPU
		{92A62D02-8554-4241-B103-C2B891732CB2}.Debug|Any CPU.Build.0 = Debug|Any CPU
		{92A62D02-8554-4241-B103-C2B891732CB2}.Release|Any CPU.ActiveCfg = Release|Any CPU
		{92A62D02-8554-4241-B103-C2B891732CB2}.Release|Any CPU.Build.0 = Release|Any CPU
	EndGlobalSection
	GlobalSection(SolutionProperties) = preSolution
		HideSolutionNode = FALSE
	EndGlobalSection
	GlobalSection(ExtensibilityGlobals) = postSolution
		SolutionGuid = {83EFB0FF-D6F9-44E7-BE26-34CB9632B134}
	EndGlobalSection
EndGlobal
